// !$*UTF8*$!
{
	archiveVersion = 1;
	classes = {
	};
	objectVersion = 46;
	objects = {

/* Begin PBXBuildFile section */
		D7E98F081CF9A898007881C4 /* MRWatchdog.mm in Sources */ = {isa = PBXBuildFile; fileRef = D7E98F031CF9A898007881C4 /* MRWatchdog.mm */; };
		D7E98F091CF9A898007881C4 /* MRQueueWatchdog.mm in Sources */ = {isa = PBXBuildFile; fileRef = D7E98F051CF9A898007881C4 /* MRQueueWatchdog.mm */; };
		D7E98F0A1CF9A898007881C4 /* MRWatchdogExclusion.mm in Sources */ = {isa = PBXBuildFile; fileRef = D7E98F071CF9A898007881C4 /* MRWatchdogExclusion.mm */; };
/* End PBXBuildFile section */

/* Begin PBXCopyFilesBuildPhase section */
		D7E98EF41CF9A873007881C4 /* CopyFiles */ = {
			isa = PBXCopyFilesBuildPhase;
			buildActionMask = 2147483647;
			dstPath = "include/$(PRODUCT_NAME)";
			dstSubfolderSpec = 16;
			files = (
			);
			runOnlyForDeploymentPostprocessing = 0;
		};
/* End PBXCopyFilesBuildPhase section */

/* Begin PBXFileReference section */
		D7E98EF61CF9A873007881C4 /* libMRWatchdog.a */ = {isa = PBXFileReference; explicitFileType = archive.ar; includeInIndex = 0; path = libMRWatchdog.a; sourceTree = BUILT_PRODUCTS_DIR; };
		D7E98F021CF9A898007881C4 /* MRWatchdog.h */ = {isa = PBXFileReference; fileEncoding = 4; lastKnownFileType = sourcecode.c.h; path = MRWatchdog.h; sourceTree = "<group>"; };
		D7E98F031CF9A898007881C4 /* MRWatchdog.mm */ = {isa = PBXFileReference; fileEncoding = 4; lastKnownFileType = sourcecode.cpp.objcpp; path = MRWatchdog.mm; sourceTree = "<group>"; };
		D7E98F041CF9A898007881C4 /* MRQueueWatchdog.h */ = {isa = PBXFileReference; fileEncoding = 4; lastKnownFileType = sourcecode.c.h; path = MRQueueWatchdog.h; sourceTree = "<group>"; };
		D7E98F051CF9A898007881C4 /* MRQueueWatchdog.mm */ = {isa = PBXFileReference; fileEncoding = 4; lastKnownFileType = sourcecode.cpp.objcpp; path = MRQueueWatchdog.mm; sourceTree = "<group>"; };
		D7E98F061CF9A898007881C4 /* MRWatchdogExclusion.h */ = {isa = PBXFileReference; fileEncoding = 4; lastKnownFileType = sourcecode.c.h; path = MRWatchdogExclusion.h; sourceTree = "<group>"; };
		D7E98F071CF9A898007881C4 /* MRWatchdogExclusion.mm */ = {isa = PBXFileReference; fileEncoding = 4; lastKnownFileType = sourcecode.cpp.objcpp; path = MRWatchdogExclusion.mm; sourceTree = "<group>"; };
/* End PBXFileReference section */

/* Begin PBXFrameworksBuildPhase section */
		D7E98EF31CF9A873007881C4 /* Frameworks */ = {
			isa = PBXFrameworksBuildPhase;
			buildActionMask = 2147483647;
			files = (
			);
			runOnlyForDeploymentPostprocessing = 0;
		};
/* End PBXFrameworksBuildPhase section */

/* Begin PBXGroup section */
		D7E98EED1CF9A873007881C4 = {
			isa = PBXGroup;
			children = (
				D7E98EF81CF9A874007881C4 /* MRWatchdog */,
				D7E98EF71CF9A873007881C4 /* Products */,
			);
			sourceTree = "<group>";
		};
		D7E98EF71CF9A873007881C4 /* Products */ = {
			isa = PBXGroup;
			children = (
				D7E98EF61CF9A873007881C4 /* libMRWatchdog.a */,
			);
			name = Products;
			sourceTree = "<group>";
		};
		D7E98EF81CF9A874007881C4 /* MRWatchdog */ = {
			isa = PBXGroup;
			children = (
				D7E98F021CF9A898007881C4 /* MRWatchdog.h */,
				D7E98F031CF9A898007881C4 /* MRWatchdog.mm */,
				D7E98F041CF9A898007881C4 /* MRQueueWatchdog.h */,
				D7E98F051CF9A898007881C4 /* MRQueueWatchdog.mm */,
				D7E98F061CF9A898007881C4 /* MRWatchdogExclusion.h */,
				D7E98F071CF9A898007881C4 /* MRWatchdogExclusion.mm */,
			);
			path = MRWatchdog;
			sourceTree = "<group>";
		};
/* End PBXGroup section */

/* Begin PBXNativeTarget section */
		D7E98EF51CF9A873007881C4 /* MRWatchdog */ = {
			isa = PBXNativeTarget;
			buildConfigurationList = D7E98EFF1CF9A874007881C4 /* Build configuration list for PBXNativeTarget "MRWatchdog" */;
			buildPhases = (
				D7E98EF21CF9A873007881C4 /* Sources */,
				D7E98EF31CF9A873007881C4 /* Frameworks */,
				D7E98EF41CF9A873007881C4 /* CopyFiles */,
			);
			buildRules = (
			);
			dependencies = (
			);
			name = MRWatchdog;
			productName = MRWatchdog;
			productReference = D7E98EF61CF9A873007881C4 /* libMRWatchdog.a */;
			productType = "com.apple.product-type.library.static";
		};
/* End PBXNativeTarget section */

/* Begin PBXProject section */
		D7E98EEE1CF9A873007881C4 /* Project object */ = {
			isa = PBXProject;
			attributes = {
				LastUpgradeCheck = 0730;
				ORGANIZATIONNAME = "Mail.RU LLC";
				TargetAttributes = {
					D7E98EF51CF9A873007881C4 = {
						CreatedOnToolsVersion = 7.3.1;
					};
				};
			};
			buildConfigurationList = D7E98EF11CF9A873007881C4 /* Build configuration list for PBXProject "MRWatchdog" */;
			compatibilityVersion = "Xcode 3.2";
			developmentRegion = English;
			hasScannedForEncodings = 0;
			knownRegions = (
				en,
			);
			mainGroup = D7E98EED1CF9A873007881C4;
			productRefGroup = D7E98EF71CF9A873007881C4 /* Products */;
			projectDirPath = "";
			projectRoot = "";
			targets = (
				D7E98EF51CF9A873007881C4 /* MRWatchdog */,
			);
		};
/* End PBXProject section */

/* Begin PBXSourcesBuildPhase section */
		D7E98EF21CF9A873007881C4 /* Sources */ = {
			isa = PBXSourcesBuildPhase;
			buildActionMask = 2147483647;
			files = (
				D7E98F081CF9A898007881C4 /* MRWatchdog.mm in Sources */,
				D7E98F0A1CF9A898007881C4 /* MRWatchdogExclusion.mm in Sources */,
				D7E98F091CF9A898007881C4 /* MRQueueWatchdog.mm in Sources */,
			);
			runOnlyForDeploymentPostprocessing = 0;
		};
/* End PBXSourcesBuildPhase section */

/* Begin XCBuildConfiguration section */
		D7E98EFD1CF9A874007881C4 /* Debug */ = {
			isa = XCBuildConfiguration;
			buildSettings = {
				ALWAYS_SEARCH_USER_PATHS = NO;
				CLANG_ANALYZER_NONNULL = YES;
				CLANG_CXX_LANGUAGE_STANDARD = "gnu++0x";
				CLANG_CXX_LIBRARY = "libc++";
				CLANG_ENABLE_MODULES = YES;
				CLANG_ENABLE_OBJC_ARC = YES;
				CLANG_WARN_BOOL_CONVERSION = YES;
				CLANG_WARN_CONSTANT_CONVERSION = YES;
				CLANG_WARN_DIRECT_OBJC_ISA_USAGE = YES_ERROR;
				CLANG_WARN_EMPTY_BODY = YES;
				CLANG_WARN_ENUM_CONVERSION = YES;
				CLANG_WARN_INT_CONVERSION = YES;
				CLANG_WARN_OBJC_ROOT_CLASS = YES_ERROR;
				CLANG_WARN_UNREACHABLE_CODE = YES;
				CLANG_WARN__DUPLICATE_METHOD_MATCH = YES;
				"CODE_SIGN_IDENTITY[sdk=iphoneos*]" = "iPhone Developer";
				COPY_PHASE_STRIP = NO;
				DEBUG_INFORMATION_FORMAT = dwarf;
				ENABLE_STRICT_OBJC_MSGSEND = YES;
				ENABLE_TESTABILITY = YES;
				GCC_C_LANGUAGE_STANDARD = gnu99;
				GCC_DYNAMIC_NO_PIC = NO;
				GCC_NO_COMMON_BLOCKS = YES;
				GCC_OPTIMIZATION_LEVEL = 0;
				GCC_PREPROCESSOR_DEFINITIONS = (
					"DEBUG=1",
					"$(inherited)",
				);
				GCC_WARN_64_TO_32_BIT_CONVERSION = YES;
				GCC_WARN_ABOUT_RETURN_TYPE = YES_ERROR;
				GCC_WARN_UNDECLARED_SELECTOR = YES;
				GCC_WARN_UNINITIALIZED_AUTOS = YES_AGGRESSIVE;
				GCC_WARN_UNUSED_FUNCTION = YES;
				GCC_WARN_UNUSED_VARIABLE = YES;
				IPHONEOS_DEPLOYMENT_TARGET = 9.3;
				MTL_ENABLE_DEBUG_INFO = YES;
				ONLY_ACTIVE_ARCH = YES;
				SDKROOT = iphoneos;
			};
			name = Debug;
		};
		D7E98EFE1CF9A874007881C4 /* Release */ = {
			isa = XCBuildConfiguration;
			buildSettings = {
				ALWAYS_SEARCH_USER_PATHS = NO;
				CLANG_ANALYZER_NONNULL = YES;
				CLANG_CXX_LANGUAGE_STANDARD = "gnu++0x";
				CLANG_CXX_LIBRARY = "libc++";
				CLANG_ENABLE_MODULES = YES;
				CLANG_ENABLE_OBJC_ARC = YES;
				CLANG_WARN_BOOL_CONVERSION = YES;
				CLANG_WARN_CONSTANT_CONVERSION = YES;
				CLANG_WARN_DIRECT_OBJC_ISA_USAGE = YES_ERROR;
				CLANG_WARN_EMPTY_BODY = YES;
				CLANG_WARN_ENUM_CONVERSION = YES;
				CLANG_WARN_INT_CONVERSION = YES;
				CLANG_WARN_OBJC_ROOT_CLASS = YES_ERROR;
				CLANG_WARN_UNREACHABLE_CODE = YES;
				CLANG_WARN__DUPLICATE_METHOD_MATCH = YES;
				"CODE_SIGN_IDENTITY[sdk=iphoneos*]" = "iPhone Developer";
				COPY_PHASE_STRIP = NO;
				DEBUG_INFORMATION_FORMAT = "dwarf-with-dsym";
				ENABLE_NS_ASSERTIONS = NO;
				ENABLE_STRICT_OBJC_MSGSEND = YES;
				GCC_C_LANGUAGE_STANDARD = gnu99;
				GCC_NO_COMMON_BLOCKS = YES;
				GCC_WARN_64_TO_32_BIT_CONVERSION = YES;
				GCC_WARN_ABOUT_RETURN_TYPE = YES_ERROR;
				GCC_WARN_UNDECLARED_SELECTOR = YES;
				GCC_WARN_UNINITIALIZED_AUTOS = YES_AGGRESSIVE;
				GCC_WARN_UNUSED_FUNCTION = YES;
				GCC_WARN_UNUSED_VARIABLE = YES;
				IPHONEOS_DEPLOYMENT_TARGET = 9.3;
				MTL_ENABLE_DEBUG_INFO = NO;
				SDKROOT = iphoneos;
				VALIDATE_PRODUCT = YES;
			};
			name = Release;
		};
		D7E98F001CF9A874007881C4 /* Debug */ = {
			isa = XCBuildConfiguration;
			buildSettings = {
				OTHER_LDFLAGS = "-ObjC";
				PRODUCT_NAME = "$(TARGET_NAME)";
				SKIP_INSTALL = YES;
			};
			name = Debug;
		};
		D7E98F011CF9A874007881C4 /* Release */ = {
			isa = XCBuildConfiguration;
			buildSettings = {
				OTHER_LDFLAGS = "-ObjC";
				PRODUCT_NAME = "$(TARGET_NAME)";
				SKIP_INSTALL = YES;
			};
			name = Release;
		};
/* End XCBuildConfiguration section */

/* Begin XCConfigurationList section */
		D7E98EF11CF9A873007881C4 /* Build configuration list for PBXProject "MRWatchdog" */ = {
			isa = XCConfigurationList;
			buildConfigurations = (
				D7E98EFD1CF9A874007881C4 /* Debug */,
				D7E98EFE1CF9A874007881C4 /* Release */,
			);
			defaultConfigurationIsVisible = 0;
			defaultConfigurationName = Release;
		};
		D7E98EFF1CF9A874007881C4 /* Build configuration list for PBXNativeTarget "MRWatchdog" */ = {
			isa = XCConfigurationList;
			buildConfigurations = (
				D7E98F001CF9A874007881C4 /* Debug */,
				D7E98F011CF9A874007881C4 /* Release */,
			);
			defaultConfigurationIsVisible = 0;
		};
/* End XCConfigurationList section */
	};
	rootObject = D7E98EEE1CF9A873007881C4 /* Project object */;
}
